
Microsoft Visual Studio Solution File, Format Version 12.00
# Visual Studio Version 17
VisualStudioVersion = 17.14.36414.22 d17.14
MinimumVisualStudioVersion = 10.0.40219.1
Project("{FAE04EC0-301F-11D3-BF4B-00C04F79EFBC}") = "Bai_2", "Bai_2\Bai_2.csproj", "{1C306A97-5E73-4B3F-9426-16B43D54806C}"
EndProject
Global
	GlobalSection(SolutionConfigurationPlatforms) = preSolution
		Debug|Any CPU = Debug|Any CPU
		Release|Any CPU = Release|Any CPU
	EndGlobalSection
	GlobalSection(ProjectConfigurationPlatforms) = postSolution
		{1C306A97-5E73-4B3F-9426-16B43D54806C}.Debug|Any CPU.ActiveCfg = Debug|Any CPU
		{1C306A97-5E73-4B3F-9426-16B43D54806C}.Debug|Any CPU.Build.0 = Debug|Any CPU
		{1C306A97-5E73-4B3F-9426-16B43D54806C}.Release|Any CPU.ActiveCfg = Release|Any CPU
		{1C306A97-5E73-4B3F-9426-16B43D54806C}.Release|Any CPU.Build.0 = Release|Any CPU
	EndGlobalSection
	GlobalSection(SolutionProperties) = preSolution
		HideSolutionNode = FALSE
	EndGlobalSection
	GlobalSection(ExtensibilityGlobals) = postSolution
		SolutionGuid = {A78A78E6-61D1-41BE-BA9C-0A64C08F0DE1}
	EndGlobalSection
EndGlobal
